
Microsoft Visual Studio Solution File, Format Version 12.00
# Visual Studio Version 16
VisualStudioVersion = 16.0.29326.143
MinimumVisualStudioVersion = 15.0.26124.0
Project("{9A19103F-16F7-4668-BE54-9A1E7A4F7556}") = "Paymentsense.Coding.Challenge.Api", "Paymentsense.Coding.Challenge.Api\Paymentsense.Coding.Challenge.Api.csproj", "{04E742B7-E136-47F1-86FD-E72220D14013}"
EndProject
Project("{9A19103F-16F7-4668-BE54-9A1E7A4F7556}") = "Paymentsense.Coding.Challenge.Api.Tests", "Paymentsense.Coding.Challenge.Api.Tests\Paymentsense.Coding.Challenge.Api.Tests.csproj", "{29B33764-7D72-4940-90F9-28467B569288}"
EndProject
Project("{9A19103F-16F7-4668-BE54-9A1E7A4F7556}") = "Paymentsense.Coding.Challenge.Contracts", "Paymentsense.Coding.Challenge.Contracts\Paymentsense.Coding.Challenge.Contracts.csproj", "{012C7A2B-014E-436E-98E7-D070AD2FA6DB}"
EndProject
Project("{9A19103F-16F7-4668-BE54-9A1E7A4F7556}") = "Paymentsense.Coding.Challenge.Core", "Paymentsense.Coding.Challenge.Core\Paymentsense.Coding.Challenge.Core.csproj", "{79D4CE16-15D1-40B7-AA88-628B55542BC4}"
EndProject
Project("{2150E333-8FDC-42A3-9474-1A3956D46DE8}") = "Tests", "Tests", "{105AFBA5-DD09-485D-AD36-53B6F14265F9}"
EndProject
Project("{FAE04EC0-301F-11D3-BF4B-00C04F79EFBC}") = "Paymentsense.Coding.Challenge.Api.Specs", "Paymentsense.Coding.Challenge.Api.Specs\Paymentsense.Coding.Challenge.Api.Specs.csproj", "{4EEFFC9F-9BCF-4D1F-88E0-991615569D06}"
EndProject
Project("{FAE04EC0-301F-11D3-BF4B-00C04F79EFBC}") = "Paymentsense.Coding.Challenge.Api.Performance", "Paymentsense.Coding.Challenge.Api.Performance\Paymentsense.Coding.Challenge.Api.Performance.csproj", "{12EA0AB8-26D7-4FB7-9E00-E7736BE88901}"
EndProject
Global
	GlobalSection(SolutionConfigurationPlatforms) = preSolution
		Debug|Any CPU = Debug|Any CPU
		Debug|x64 = Debug|x64
		Debug|x86 = Debug|x86
		Release|Any CPU = Release|Any CPU
		Release|x64 = Release|x64
		Release|x86 = Release|x86
	EndGlobalSection
	GlobalSection(ProjectConfigurationPlatforms) = postSolution
		{04E742B7-E136-47F1-86FD-E72220D14013}.Debug|Any CPU.ActiveCfg = Debug|Any CPU
		{04E742B7-E136-47F1-86FD-E72220D14013}.Debug|Any CPU.Build.0 = Debug|Any CPU
		{04E742B7-E136-47F1-86FD-E72220D14013}.Debug|x64.ActiveCfg = Debug|Any CPU
		{04E742B7-E136-47F1-86FD-E72220D14013}.Debug|x64.Build.0 = Debug|Any CPU
		{04E742B7-E136-47F1-86FD-E72220D14013}.Debug|x86.ActiveCfg = Debug|Any CPU
		{04E742B7-E136-47F1-86FD-E72220D14013}.Debug|x86.Build.0 = Debug|Any CPU
		{04E742B7-E136-47F1-86FD-E72220D14013}.Release|Any CPU.ActiveCfg = Release|Any CPU
		{04E742B7-E136-47F1-86FD-E72220D14013}.Release|Any CPU.Build.0 = Release|Any CPU
		{04E742B7-E136-47F1-86FD-E72220D14013}.Release|x64.ActiveCfg = Release|Any CPU
		{04E742B7-E136-47F1-86FD-E72220D14013}.Release|x64.Build.0 = Release|Any CPU
		{04E742B7-E136-47F1-86FD-E72220D14013}.Release|x86.ActiveCfg = Release|Any CPU
		{04E742B7-E136-47F1-86FD-E72220D14013}.Release|x86.Build.0 = Release|Any CPU
		{29B33764-7D72-4940-90F9-28467B569288}.Debug|Any CPU.ActiveCfg = Debug|Any CPU
		{29B33764-7D72-4940-90F9-28467B569288}.Debug|Any CPU.Build.0 = Debug|Any CPU
		{29B33764-7D72-4940-90F9-28467B569288}.Debug|x64.ActiveCfg = Debug|Any CPU
		{29B33764-7D72-4940-90F9-28467B569288}.Debug|x64.Build.0 = Debug|Any CPU
		{29B33764-7D72-4940-90F9-28467B569288}.Debug|x86.ActiveCfg = Debug|Any CPU
		{29B33764-7D72-4940-90F9-28467B569288}.Debug|x86.Build.0 = Debug|Any CPU
		{29B33764-7D72-4940-90F9-28467B569288}.Release|Any CPU.ActiveCfg = Release|Any CPU
		{29B33764-7D72-4940-90F9-28467B569288}.Release|Any CPU.Build.0 = Release|Any CPU
		{29B33764-7D72-4940-90F9-28467B569288}.Release|x64.ActiveCfg = Release|Any CPU
		{29B33764-7D72-4940-90F9-28467B569288}.Release|x64.Build.0 = Release|Any CPU
		{29B33764-7D72-4940-90F9-28467B569288}.Release|x86.ActiveCfg = Release|Any CPU
		{29B33764-7D72-4940-90F9-28467B569288}.Release|x86.Build.0 = Release|Any CPU
		{012C7A2B-014E-436E-98E7-D070AD2FA6DB}.Debug|Any CPU.ActiveCfg = Debug|Any CPU
		{012C7A2B-014E-436E-98E7-D070AD2FA6DB}.Debug|Any CPU.Build.0 = Debug|Any CPU
		{012C7A2B-014E-436E-98E7-D070AD2FA6DB}.Debug|x64.ActiveCfg = Debug|Any CPU
		{012C7A2B-014E-436E-98E7-D070AD2FA6DB}.Debug|x64.Build.0 = Debug|Any CPU
		{012C7A2B-014E-436E-98E7-D070AD2FA6DB}.Debug|x86.ActiveCfg = Debug|Any CPU
		{012C7A2B-014E-436E-98E7-D070AD2FA6DB}.Debug|x86.Build.0 = Debug|Any CPU
		{012C7A2B-014E-436E-98E7-D070AD2FA6DB}.Release|Any CPU.ActiveCfg = Release|Any CPU
		{012C7A2B-014E-436E-98E7-D070AD2FA6DB}.Release|Any CPU.Build.0 = Release|Any CPU
		{012C7A2B-014E-436E-98E7-D070AD2FA6DB}.Release|x64.ActiveCfg = Release|Any CPU
		{012C7A2B-014E-436E-98E7-D070AD2FA6DB}.Release|x64.Build.0 = Release|Any CPU
		{012C7A2B-014E-436E-98E7-D070AD2FA6DB}.Release|x86.ActiveCfg = Release|Any CPU
		{012C7A2B-014E-436E-98E7-D070AD2FA6DB}.Release|x86.Build.0 = Release|Any CPU
		{79D4CE16-15D1-40B7-AA88-628B55542BC4}.Debug|Any CPU.ActiveCfg = Debug|Any CPU
		{79D4CE16-15D1-40B7-AA88-628B55542BC4}.Debug|Any CPU.Build.0 = Debug|Any CPU
		{79D4CE16-15D1-40B7-AA88-628B55542BC4}.Debug|x64.ActiveCfg = Debug|Any CPU
		{79D4CE16-15D1-40B7-AA88-628B55542BC4}.Debug|x64.Build.0 = Debug|Any CPU
		{79D4CE16-15D1-40B7-AA88-628B55542BC4}.Debug|x86.ActiveCfg = Debug|Any CPU
		{79D4CE16-15D1-40B7-AA88-628B55542BC4}.Debug|x86.Build.0 = Debug|Any CPU
		{79D4CE16-15D1-40B7-AA88-628B55542BC4}.Release|Any CPU.ActiveCfg = Release|Any CPU
		{79D4CE16-15D1-40B7-AA88-628B55542BC4}.Release|Any CPU.Build.0 = Release|Any CPU
		{79D4CE16-15D1-40B7-AA88-628B55542BC4}.Release|x64.ActiveCfg = Release|Any CPU
		{79D4CE16-15D1-40B7-AA88-628B55542BC4}.Release|x64.Build.0 = Release|Any CPU
		{79D4CE16-15D1-40B7-AA88-628B55542BC4}.Release|x86.ActiveCfg = Release|Any CPU
		{79D4CE16-15D1-40B7-AA88-628B55542BC4}.Release|x86.Build.0 = Release|Any CPU
		{4EEFFC9F-9BCF-4D1F-88E0-991615569D06}.Debug|Any CPU.ActiveCfg = Debug|Any CPU
		{4EEFFC9F-9BCF-4D1F-88E0-991615569D06}.Debug|Any CPU.Build.0 = Debug|Any CPU
		{4EEFFC9F-9BCF-4D1F-88E0-991615569D06}.Debug|x64.ActiveCfg = Debug|Any CPU
		{4EEFFC9F-9BCF-4D1F-88E0-991615569D06}.Debug|x64.Build.0 = Debug|Any CPU
		{4EEFFC9F-9BCF-4D1F-88E0-991615569D06}.Debug|x86.ActiveCfg = Debug|Any CPU
		{4EEFFC9F-9BCF-4D1F-88E0-991615569D06}.Debug|x86.Build.0 = Debug|Any CPU
		{4EEFFC9F-9BCF-4D1F-88E0-991615569D06}.Release|Any CPU.ActiveCfg = Release|Any CPU
		{4EEFFC9F-9BCF-4D1F-88E0-991615569D06}.Release|Any CPU.Build.0 = Release|Any CPU
		{4EEFFC9F-9BCF-4D1F-88E0-991615569D06}.Release|x64.ActiveCfg = Release|Any CPU
		{4EEFFC9F-9BCF-4D1F-88E0-991615569D06}.Release|x64.Build.0 = Release|Any CPU
		{4EEFFC9F-9BCF-4D1F-88E0-991615569D06}.Release|x86.ActiveCfg = Release|Any CPU
		{4EEFFC9F-9BCF-4D1F-88E0-991615569D06}.Release|x86.Build.0 = Release|Any CPU
		{12EA0AB8-26D7-4FB7-9E00-E7736BE88901}.Debug|Any CPU.ActiveCfg = Debug|Any CPU
		{12EA0AB8-26D7-4FB7-9E00-E7736BE88901}.Debug|Any CPU.Build.0 = Debug|Any CPU
		{12EA0AB8-26D7-4FB7-9E00-E7736BE88901}.Debug|x64.ActiveCfg = Debug|Any CPU
		{12EA0AB8-26D7-4FB7-9E00-E7736BE88901}.Debug|x64.Build.0 = Debug|Any CPU
		{12EA0AB8-26D7-4FB7-9E00-E7736BE88901}.Debug|x86.ActiveCfg = Debug|Any CPU
		{12EA0AB8-26D7-4FB7-9E00-E7736BE88901}.Debug|x86.Build.0 = Debug|Any CPU
		{12EA0AB8-26D7-4FB7-9E00-E7736BE88901}.Release|Any CPU.ActiveCfg = Release|Any CPU
		{12EA0AB8-26D7-4FB7-9E00-E7736BE88901}.Release|Any CPU.Build.0 = Release|Any CPU
		{12EA0AB8-26D7-4FB7-9E00-E7736BE88901}.Release|x64.ActiveCfg = Release|Any CPU
		{12EA0AB8-26D7-4FB7-9E00-E7736BE88901}.Release|x64.Build.0 = Release|Any CPU
		{12EA0AB8-26D7-4FB7-9E00-E7736BE88901}.Release|x86.ActiveCfg = Release|Any CPU
		{12EA0AB8-26D7-4FB7-9E00-E7736BE88901}.Release|x86.Build.0 = Release|Any CPU
	EndGlobalSection
	GlobalSection(SolutionProperties) = preSolution
		HideSolutionNode = FALSE
	EndGlobalSection
	GlobalSection(NestedProjects) = preSolution
		{29B33764-7D72-4940-90F9-28467B569288} = {105AFBA5-DD09-485D-AD36-53B6F14265F9}
		{4EEFFC9F-9BCF-4D1F-88E0-991615569D06} = {105AFBA5-DD09-485D-AD36-53B6F14265F9}
		{12EA0AB8-26D7-4FB7-9E00-E7736BE88901} = {105AFBA5-DD09-485D-AD36-53B6F14265F9}
	EndGlobalSection
	GlobalSection(ExtensibilityGlobals) = postSolution
		SolutionGuid = {B43FA89C-9979-4D77-B29A-FAAFA80619F7}
	EndGlobalSection
EndGlobal
